{
  "name": "vegian",
  "version": "1.0.0",
  "lockfileVersion": 1,
  "requires": true,
  "dependencies": {
    "@vue/reactivity": {
      "version": "3.2.8",
      "resolved": "https://registry.npmjs.org/@vue/reactivity/-/reactivity-3.2.8.tgz",
      "integrity": "sha512-/Hj3Uz28SG+xB5SDWPOXUs0emvHkq82EmTgk44/plTVFeswCZ3i3Hd7WmsrPT4rGajlDKd5uqMmW0ith1ED0FA==",
      "requires": {
        "@vue/shared": "3.2.8"
      }
    },
    "@vue/shared": {
      "version": "3.2.8",
      "resolved": "https://registry.npmjs.org/@vue/shared/-/shared-3.2.8.tgz",
      "integrity": "sha512-E2DQQnG7Qr4GwTs3GlfPPlHliGVADoufTnhpwfoViw7JlyLMmYtjfnTwM6nXAwvSJWiF7D+7AxpnWBBT3VWo6Q=="
    },
    "alpinejs": {
      "version": "3.3.1",
      "resolved": "https://registry.npmjs.org/alpinejs/-/alpinejs-3.3.1.tgz",
      "integrity": "sha512-n1Z6Omf+nmbyQ1ehjTYE3XAQHpKq4VmlTuBLoNpTJYY7aGoKUKVcKVqi4SuX1C7V/QnQzBcBzXA7RTa9lbUvzA==",
      "requires": {
        "@vue/reactivity": "^3.0.2"
      }
    },
    "bootstrap": {
      "version": "5.1.0",
      "resolved": "https://registry.npmjs.org/bootstrap/-/bootstrap-5.1.0.tgz",
      "integrity": "sha512-bs74WNI9BgBo3cEovmdMHikSKoXnDgA6VQjJ7TyTotU6L7d41ZyCEEelPwkYEzsG/Zjv3ie9IE3EMAje0W9Xew=="
    },
    "bootswatch": {
      "version": "5.1.0",
      "resolved": "https://registry.npmjs.org/bootswatch/-/bootswatch-5.1.0.tgz",
      "integrity": "sha512-HwQjahQSq0u+ydqY0fFyl/GsJIHhBvzjBA8D2XvMvIrHdqYfL1LdD5bnnaEDoJugMCYGud9PQSgq/XkuyFFPMg=="
    },
    "htmx.org": {
      "version": "1.5.0",
      "resolved": "https://registry.npmjs.org/htmx.org/-/htmx.org-1.5.0.tgz",
      "integrity": "sha512-XMDgFU9jwZx/akLXiBlD6B4HG1hqpMFg1/JxYugQ1idR1sDQDcpyNvX4oYag94067EyjNfTXttpRsbfNOwt4EQ=="
    },
    "jquery": {
      "version": "3.6.0",
      "resolved": "https://registry.npmjs.org/jquery/-/jquery-3.6.0.tgz",
      "integrity": "sha512-JVzAR/AjBvVt2BmYhxRCSYysDsPcssdmTFnzyLEts9qNwmjmu4JTAMYubEfwVOSwpQ1I1sKKFcxhZCI2buerfw=="
    }
  }
}
